
Microsoft Visual Studio Solution File, Format Version 12.00
# Visual Studio Version 17
VisualStudioVersion = 17.14.36121.58 d17.14
MinimumVisualStudioVersion = 10.0.40219.1
Project("{FAE04EC0-301F-11D3-BF4B-00C04F79EFBC}") = "OporezivanjeImovine", "OporezivanjeImovine\OporezivanjeImovine.csproj", "{A19DF6A0-C1DE-42A9-A5C1-C51A6001F17D}"
EndProject
Global
	GlobalSection(SolutionConfigurationPlatforms) = preSolution
		Debug|Any CPU = Debug|Any CPU
		Release|Any CPU = Release|Any CPU
	EndGlobalSection
	GlobalSection(ProjectConfigurationPlatforms) = postSolution
		{A19DF6A0-C1DE-42A9-A5C1-C51A6001F17D}.Debug|Any CPU.ActiveCfg = Debug|Any CPU
		{A19DF6A0-C1DE-42A9-A5C1-C51A6001F17D}.Debug|Any CPU.Build.0 = Debug|Any CPU
		{A19DF6A0-C1DE-42A9-A5C1-C51A6001F17D}.Release|Any CPU.ActiveCfg = Release|Any CPU
		{A19DF6A0-C1DE-42A9-A5C1-C51A6001F17D}.Release|Any CPU.Build.0 = Release|Any CPU
	EndGlobalSection
	GlobalSection(SolutionProperties) = preSolution
		HideSolutionNode = FALSE
	EndGlobalSection
	GlobalSection(ExtensibilityGlobals) = postSolution
		SolutionGuid = {A8CE5BAC-47B4-4AE6-98BC-48D2CC2F7AE5}
	EndGlobalSection
EndGlobal
